// !$*UTF8*$!
{
	archiveVersion = 1;
	classes = {
	};
	objectVersion = 46;
	objects = {

/* Begin PBXBuildFile section */
		8E043DC51DB1946B00968C57 /* AppDelegate.swift in Sources */ = {isa = PBXBuildFile; fileRef = 8E043DC41DB1946B00968C57 /* AppDelegate.swift */; };
		8E043DC71DB1946B00968C57 /* ViewController.swift in Sources */ = {isa = PBXBuildFile; fileRef = 8E043DC61DB1946B00968C57 /* ViewController.swift */; };
		8E043DCA1DB1946B00968C57 /* Main.storyboard in Resources */ = {isa = PBXBuildFile; fileRef = 8E043DC81DB1946B00968C57 /* Main.storyboard */; };
		8E043DCC1DB1946B00968C57 /* Assets.xcassets in Resources */ = {isa = PBXBuildFile; fileRef = 8E043DCB1DB1946B00968C57 /* Assets.xcassets */; };
		8E043DCF1DB1946B00968C57 /* LaunchScreen.storyboard in Resources */ = {isa = PBXBuildFile; fileRef = 8E043DCD1DB1946B00968C57 /* LaunchScreen.storyboard */; };
/* End PBXBuildFile section */

/* Begin PBXFileReference section */
		8E043DC11DB1946B00968C57 /* HackatonTraining.app */ = {isa = PBXFileReference; explicitFileType = wrapper.application; includeInIndex = 0; path = HackatonTraining.app; sourceTree = BUILT_PRODUCTS_DIR; };
		8E043DC41DB1946B00968C57 /* AppDelegate.swift */ = {isa = PBXFileReference; lastKnownFileType = sourcecode.swift; path = AppDelegate.swift; sourceTree = "<group>"; };
		8E043DC61DB1946B00968C57 /* ViewController.swift */ = {isa = PBXFileReference; lastKnownFileType = sourcecode.swift; path = ViewController.swift; sourceTree = "<group>"; };
		8E043DC91DB1946B00968C57 /* Base */ = {isa = PBXFileReference; lastKnownFileType = file.storyboard; name = Base; path = Base.lproj/Main.storyboard; sourceTree = "<group>"; };
		8E043DCB1DB1946B00968C57 /* Assets.xcassets */ = {isa = PBXFileReference; lastKnownFileType = folder.assetcatalog; path = Assets.xcassets; sourceTree = "<group>"; };
		8E043DCE1DB1946B00968C57 /* Base */ = {isa = PBXFileReference; lastKnownFileType = file.storyboard; name = Base; path = Base.lproj/LaunchScreen.storyboard; sourceTree = "<group>"; };
		8E043DD01DB1946B00968C57 /* Info.plist */ = {isa = PBXFileReference; lastKnownFileType = text.plist.xml; path = Info.plist; sourceTree = "<group>"; };
/* End PBXFileReference section */

/* Begin PBXFrameworksBuildPhase section */
		8E043DBE1DB1946B00968C57 /* Frameworks */ = {
			isa = PBXFrameworksBuildPhase;
			buildActionMask = 2147483647;
			files = (
			);
			runOnlyForDeploymentPostprocessing = 0;
		};
/* End PBXFrameworksBuildPhase section */

/* Begin PBXGroup section */
		8E043DB81DB1946B00968C57 = {
			isa = PBXGroup;
			children = (
				8E043DC31DB1946B00968C57 /* HackatonTraining */,
				8E043DC21DB1946B00968C57 /* Products */,
			);
			sourceTree = "<group>";
		};
		8E043DC21DB1946B00968C57 /* Products */ = {
			isa = PBXGroup;
			children = (
				8E043DC11DB1946B00968C57 /* HackatonTraining.app */,
			);
			name = Products;
			sourceTree = "<group>";
		};
		8E043DC31DB1946B00968C57 /* HackatonTraining */ = {
			isa = PBXGroup;
			children = (
				8E043DC41DB1946B00968C57 /* AppDelegate.swift */,
				8E043DC61DB1946B00968C57 /* ViewController.swift */,
				8E043DC81DB1946B00968C57 /* Main.storyboard */,
				8E043DCB1DB1946B00968C57 /* Assets.xcassets */,
				8E043DCD1DB1946B00968C57 /* LaunchScreen.storyboard */,
				8E043DD01DB1946B00968C57 /* Info.plist */,
			);
			path = HackatonTraining;
			sourceTree = "<group>";
		};
/* End PBXGroup section */

/* Begin PBXNativeTarget section */
		8E043DC01DB1946B00968C57 /* HackatonTraining */ = {
			isa = PBXNativeTarget;
			buildConfigurationList = 8E043DD31DB1946B00968C57 /* Build configuration list for PBXNativeTarget "HackatonTraining" */;
			buildPhases = (
				8E043DBD1DB1946B00968C57 /* Sources */,
				8E043DBE1DB1946B00968C57 /* Frameworks */,
				8E043DBF1DB1946B00968C57 /* Resources */,
			);
			buildRules = (
			);
			dependencies = (
			);
			name = HackatonTraining;
			productName = HackatonTraining;
			productReference = 8E043DC11DB1946B00968C57 /* HackatonTraining.app */;
			productType = "com.apple.product-type.application";
		};
/* End PBXNativeTarget section */

/* Begin PBXProject section */
		8E043DB91DB1946B00968C57 /* Project object */ = {
			isa = PBXProject;
			attributes = {
				LastSwiftUpdateCheck = 0800;
				LastUpgradeCheck = 0800;
				ORGANIZATIONNAME = "Fimeños";
				TargetAttributes = {
					8E043DC01DB1946B00968C57 = {
						CreatedOnToolsVersion = 8.0;
						DevelopmentTeam = E5F4JMN6W8;
						ProvisioningStyle = Automatic;
					};
				};
			};
			buildConfigurationList = 8E043DBC1DB1946B00968C57 /* Build configuration list for PBXProject "HackatonTraining" */;
			compatibilityVersion = "Xcode 3.2";
			developmentRegion = English;
			hasScannedForEncodings = 0;
			knownRegions = (
				en,
				Base,
			);
			mainGroup = 8E043DB81DB1946B00968C57;
			productRefGroup = 8E043DC21DB1946B00968C57 /* Products */;
			projectDirPath = "";
			projectRoot = "";
			targets = (
				8E043DC01DB1946B00968C57 /* HackatonTraining */,
			);
		};
/* End PBXProject section */

/* Begin PBXResourcesBuildPhase section */
		8E043DBF1DB1946B00968C57 /* Resources */ = {
			isa = PBXResourcesBuildPhase;
			buildActionMask = 2147483647;
			files = (
				8E043DCF1DB1946B00968C57 /* LaunchScreen.storyboard in Resources */,
				8E043DCC1DB1946B00968C57 /* Assets.xcassets in Resources */,
				8E043DCA1DB1946B00968C57 /* Main.storyboard in Resources */,
			);
			runOnlyForDeploymentPostprocessing = 0;
		};
/* End PBXResourcesBuildPhase section */

/* Begin PBXSourcesBuildPhase section */
		8E043DBD1DB1946B00968C57 /* Sources */ = {
			isa = PBXSourcesBuildPhase;
			buildActionMask = 2147483647;
			files = (
				8E043DC71DB1946B00968C57 /* ViewController.swift in Sources */,
				8E043DC51DB1946B00968C57 /* AppDelegate.swift in Sources */,
			);
			runOnlyForDeploymentPostprocessing = 0;
		};
/* End PBXSourcesBuildPhase section */

/* Begin PBXVariantGroup section */
		8E043DC81DB1946B00968C57 /* Main.storyboard */ = {
			isa = PBXVariantGroup;
			children = (
				8E043DC91DB1946B00968C57 /* Base */,
			);
			name = Main.storyboard;
			sourceTree = "<group>";
		};
		8E043DCD1DB1946B00968C57 /* LaunchScreen.storyboard */ = {
			isa = PBXVariantGroup;
			children = (
				8E043DCE1DB1946B00968C57 /* Base */,
			);
			name = LaunchScreen.storyboard;
			sourceTree = "<group>";
		};
/* End PBXVariantGroup section */

/* Begin XCBuildConfiguration section */
		8E043DD11DB1946B00968C57 /* Debug */ = {
			isa = XCBuildConfiguration;
			buildSettings = {
				ALWAYS_SEARCH_USER_PATHS = NO;
				CLANG_ANALYZER_NONNULL = YES;
				CLANG_CXX_LANGUAGE_STANDARD = "gnu++0x";
				CLANG_CXX_LIBRARY = "libc++";
				CLANG_ENABLE_MODULES = YES;
				CLANG_ENABLE_OBJC_ARC = YES;
				CLANG_WARN_BOOL_CONVERSION = YES;
				CLANG_WARN_CONSTANT_CONVERSION = YES;
				CLANG_WARN_DIRECT_OBJC_ISA_USAGE = YES_ERROR;
				CLANG_WARN_DOCUMENTATION_COMMENTS = YES;
				CLANG_WARN_EMPTY_BODY = YES;
				CLANG_WARN_ENUM_CONVERSION = YES;
				CLANG_WARN_INFINITE_RECURSION = YES;
				CLANG_WARN_INT_CONVERSION = YES;
				CLANG_WARN_OBJC_ROOT_CLASS = YES_ERROR;
				CLANG_WARN_SUSPICIOUS_MOVES = YES;
				CLANG_WARN_UNREACHABLE_CODE = YES;
				CLANG_WARN__DUPLICATE_METHOD_MATCH = YES;
				"CODE_SIGN_IDENTITY[sdk=iphoneos*]" = "iPhone Developer";
				COPY_PHASE_STRIP = NO;
				DEBUG_INFORMATION_FORMAT = dwarf;
				ENABLE_STRICT_OBJC_MSGSEND = YES;
				ENABLE_TESTABILITY = YES;
				GCC_C_LANGUAGE_STANDARD = gnu99;
				GCC_DYNAMIC_NO_PIC = NO;
				GCC_NO_COMMON_BLOCKS = YES;
				GCC_OPTIMIZATION_LEVEL = 0;
				GCC_PREPROCESSOR_DEFINITIONS = (
					"DEBUG=1",
					"$(inherited)",
				);
				GCC_WARN_64_TO_32_BIT_CONVERSION = YES;
				GCC_WARN_ABOUT_RETURN_TYPE = YES_ERROR;
				GCC_WARN_UNDECLARED_SELECTOR = YES;
				GCC_WARN_UNINITIALIZED_AUTOS = YES_AGGRESSIVE;
				GCC_WARN_UNUSED_FUNCTION = YES;
				GCC_WARN_UNUSED_VARIABLE = YES;
				IPHONEOS_DEPLOYMENT_TARGET = 10.0;
				MTL_ENABLE_DEBUG_INFO = YES;
				ONLY_ACTIVE_ARCH = YES;
				SDKROOT = iphoneos;
				SWIFT_ACTIVE_COMPILATION_CONDITIONS = DEBUG;
				SWIFT_OPTIMIZATION_LEVEL = "-Onone";
				TARGETED_DEVICE_FAMILY = "1,2";
			};
			name = Debug;
		};
		8E043DD21DB1946B00968C57 /* Release */ = {
			isa = XCBuildConfiguration;
			buildSettings = {
				ALWAYS_SEARCH_USER_PATHS = NO;
				CLANG_ANALYZER_NONNULL = YES;
				CLANG_CXX_LANGUAGE_STANDARD = "gnu++0x";
				CLANG_CXX_LIBRARY = "libc++";
				CLANG_ENABLE_MODULES = YES;
				CLANG_ENABLE_OBJC_ARC = YES;
				CLANG_WARN_BOOL_CONVERSION = YES;
				CLANG_WARN_CONSTANT_CONVERSION = YES;
				CLANG_WARN_DIRECT_OBJC_ISA_USAGE = YES_ERROR;
				CLANG_WARN_DOCUMENTATION_COMMENTS = YES;
				CLANG_WARN_EMPTY_BODY = YES;
				CLANG_WARN_ENUM_CONVERSION = YES;
				CLANG_WARN_INFINITE_RECURSION = YES;
				CLANG_WARN_INT_CONVERSION = YES;
				CLANG_WARN_OBJC_ROOT_CLASS = YES_ERROR;
				CLANG_WARN_SUSPICIOUS_MOVES = YES;
				CLANG_WARN_UNREACHABLE_CODE = YES;
				CLANG_WARN__DUPLICATE_METHOD_MATCH = YES;
				"CODE_SIGN_IDENTITY[sdk=iphoneos*]" = "iPhone Developer";
				COPY_PHASE_STRIP = NO;
				DEBUG_INFORMATION_FORMAT = "dwarf-with-dsym";
				ENABLE_NS_ASSERTIONS = NO;
				ENABLE_STRICT_OBJC_MSGSEND = YES;
				GCC_C_LANGUAGE_STANDARD = gnu99;
				GCC_NO_COMMON_BLOCKS = YES;
				GCC_WARN_64_TO_32_BIT_CONVERSION = YES;
				GCC_WARN_ABOUT_RETURN_TYPE = YES_ERROR;
				GCC_WARN_UNDECLARED_SELECTOR = YES;
				GCC_WARN_UNINITIALIZED_AUTOS = YES_AGGRESSIVE;
				GCC_WARN_UNUSED_FUNCTION = YES;
				GCC_WARN_UNUSED_VARIABLE = YES;
				IPHONEOS_DEPLOYMENT_TARGET = 10.0;
				MTL_ENABLE_DEBUG_INFO = NO;
				SDKROOT = iphoneos;
				SWIFT_OPTIMIZATION_LEVEL = "-Owholemodule";
				TARGETED_DEVICE_FAMILY = "1,2";
				VALIDATE_PRODUCT = YES;
			};
			name = Release;
		};
		8E043DD41DB1946B00968C57 /* Debug */ = {
			isa = XCBuildConfiguration;
			buildSettings = {
				ASSETCATALOG_COMPILER_APPICON_NAME = AppIcon;
				DEVELOPMENT_TEAM = E5F4JMN6W8;
				INFOPLIST_FILE = HackatonTraining/Info.plist;
				LD_RUNPATH_SEARCH_PATHS = "$(inherited) @executable_path/Frameworks";
				PRODUCT_BUNDLE_IDENTIFIER = com.barcenas.HackatonTraining;
				PRODUCT_NAME = "$(TARGET_NAME)";
				SWIFT_VERSION = 3.0;
			};
			name = Debug;
		};
		8E043DD51DB1946B00968C57 /* Release */ = {
			isa = XCBuildConfiguration;
			buildSettings = {
				ASSETCATALOG_COMPILER_APPICON_NAME = AppIcon;
				DEVELOPMENT_TEAM = E5F4JMN6W8;
				INFOPLIST_FILE = HackatonTraining/Info.plist;
				LD_RUNPATH_SEARCH_PATHS = "$(inherited) @executable_path/Frameworks";
				PRODUCT_BUNDLE_IDENTIFIER = com.barcenas.HackatonTraining;
				PRODUCT_NAME = "$(TARGET_NAME)";
				SWIFT_VERSION = 3.0;
			};
			name = Release;
		};
/* End XCBuildConfiguration section */

/* Begin XCConfigurationList section */
		8E043DBC1DB1946B00968C57 /* Build configuration list for PBXProject "HackatonTraining" */ = {
			isa = XCConfigurationList;
			buildConfigurations = (
				8E043DD11DB1946B00968C57 /* Debug */,
				8E043DD21DB1946B00968C57 /* Release */,
			);
			defaultConfigurationIsVisible = 0;
			defaultConfigurationName = Release;
		};
		8E043DD31DB1946B00968C57 /* Build configuration list for PBXNativeTarget "HackatonTraining" */ = {
			isa = XCConfigurationList;
			buildConfigurations = (
				8E043DD41DB1946B00968C57 /* Debug */,
				8E043DD51DB1946B00968C57 /* Release */,
			);
			defaultConfigurationIsVisible = 0;
			defaultConfigurationName = Release;
		};
/* End XCConfigurationList section */
	};
	rootObject = 8E043DB91DB1946B00968C57 /* Project object */;
}
